# THIS IS AN AUTOGENERATED FILE. DO NOT EDIT THIS FILE DIRECTLY.
# yarn lockfile v1


"@nestjs/cache-manager@^2.1.0":
  version "2.1.0"
  resolved "https://registry.yarnpkg.com/@nestjs/cache-manager/-/cache-manager-2.1.0.tgz#e4dadc4ba9c02c059db4dac5e0b5513466e2895a"
  integrity sha512-9kep3a8Mq5cMuXN/anGhSYc0P48CRBXk5wyJJRBFxhNkCH8AIzZF4CASGVDIEMmm3OjVcEUHojjyJwCODS17Qw==

"@types/cron@^2.0.1":
  version "2.4.0"
  resolved "https://registry.yarnpkg.com/@types/cron/-/cron-2.4.0.tgz#884d7866187d26291df206c09805d06b147986e4"
  integrity sha512-5bBaAkqvSFBX8JMi/xCofNzG5E594TNsApMz68dLd/sQYz/HGQqgcxGHTRjOvD4G3Y+YF1Oo3S7QdCvKt1KAJQ==
  dependencies:
    cron "*"

"@types/luxon@~3.3.0":
  version "3.3.2"
  resolved "https://registry.yarnpkg.com/@types/luxon/-/luxon-3.3.2.tgz#f6e3524c2486b949a4db445e85d93c8e9886dfe2"
  integrity sha512-l5cpE57br4BIjK+9BSkFBOsWtwv6J9bJpC7gdXIzZyI0vuKvNTk0wZZrkQxMGsUAuGW9+WMNWF2IJMD7br2yeQ==

cache-manager@^5.2.3:
  version "5.2.4"
  resolved "https://registry.yarnpkg.com/cache-manager/-/cache-manager-5.2.4.tgz#01bebe2cc6bef993e3e959d59d3a25a3f2658df1"
  integrity sha512-gkuCjug16NdGvKm/sydxGVx17uffrSWcEe2xraBtwRCgdYcFxwJAla4OYpASAZT2yhSoxgDiWL9XH6IAChcZJA==
  dependencies:
    lodash.clonedeep "^4.5.0"
    lru-cache "^10.0.1"

cron@*:
  version "3.1.0"
  resolved "https://registry.yarnpkg.com/cron/-/cron-3.1.0.tgz#8bb519a4191555bda829ea26f26b7b7bd2db8d4c"
  integrity sha512-u6Z89TV7zhG7aW7MX7aLQhK5PYjTzFpzjFgiSX5r7qC1vjPvRt1FVfarHRaN/5IokEXM1DRJcXnwXI0e9G0awA==
  dependencies:
    "@types/luxon" "~3.3.0"
    luxon "~3.3.0"

lodash.clonedeep@^4.5.0:
  version "4.5.0"
  resolved "https://registry.yarnpkg.com/lodash.clonedeep/-/lodash.clonedeep-4.5.0.tgz#e23f3f9c4f8fbdde872529c1071857a086e5ccef"
  integrity sha512-H5ZhCF25riFd9uB5UCkVKo61m3S/xZk1x4wA6yp/L3RFP6Z/eHH1ymQcGLo7J3GMPfm0V/7m1tryHuGVxpqEBQ==

lru-cache@^10.0.1:
  version "10.0.1"
  resolved "https://registry.yarnpkg.com/lru-cache/-/lru-cache-10.0.1.tgz#0a3be479df549cca0e5d693ac402ff19537a6b7a"
  integrity sha512-IJ4uwUTi2qCccrioU6g9g/5rvvVl13bsdczUUcqbciD9iLr095yj8DQKdObriEvuNSx325N1rV1O0sJFszx75g==

luxon@~3.3.0:
  version "3.3.0"
  resolved "https://registry.yarnpkg.com/luxon/-/luxon-3.3.0.tgz#d73ab5b5d2b49a461c47cedbc7e73309b4805b48"
  integrity sha512-An0UCfG/rSiqtAIiBPO0Y9/zAnHUZxAMiCpTd5h2smgsj7GGmcenvrvww2cqNA8/4A5ZrD1gJpHN2mIHZQF+Mg==
